
Microsoft Visual Studio Solution File, Format Version 12.00
# Visual Studio Version 17
VisualStudioVersion = 17.8.34511.84
MinimumVisualStudioVersion = 10.0.40219.1
Project("{FAE04EC0-301F-11D3-BF4B-00C04F79EFBC}") = "EXamenReservaT", "EXamenReservaT\EXamenReservaT.csproj", "{77452383-7D33-42B8-A865-05A341A8B751}"
EndProject
Project("{FAE04EC0-301F-11D3-BF4B-00C04F79EFBC}") = "Datos", "Datos\Datos.csproj", "{165D3A29-5420-495D-9DFC-64C7C9789887}"
EndProject
Project("{FAE04EC0-301F-11D3-BF4B-00C04F79EFBC}") = "Negocio", "Negocio\Negocio.csproj", "{5411A460-3253-4521-B30A-B358DEE744A3}"
EndProject
Project("{FAE04EC0-301F-11D3-BF4B-00C04F79EFBC}") = "Presentacion", "Presentacion\Presentacion.csproj", "{63EAC327-BB3A-44F8-9C10-74E8EB2D7022}"
EndProject
Global
	GlobalSection(SolutionConfigurationPlatforms) = preSolution
		Debug|Any CPU = Debug|Any CPU
		Release|Any CPU = Release|Any CPU
	EndGlobalSection
	GlobalSection(ProjectConfigurationPlatforms) = postSolution
		{77452383-7D33-42B8-A865-05A341A8B751}.Debug|Any CPU.ActiveCfg = Debug|Any CPU
		{77452383-7D33-42B8-A865-05A341A8B751}.Debug|Any CPU.Build.0 = Debug|Any CPU
		{77452383-7D33-42B8-A865-05A341A8B751}.Release|Any CPU.ActiveCfg = Release|Any CPU
		{77452383-7D33-42B8-A865-05A341A8B751}.Release|Any CPU.Build.0 = Release|Any CPU
		{165D3A29-5420-495D-9DFC-64C7C9789887}.Debug|Any CPU.ActiveCfg = Debug|Any CPU
		{165D3A29-5420-495D-9DFC-64C7C9789887}.Debug|Any CPU.Build.0 = Debug|Any CPU
		{165D3A29-5420-495D-9DFC-64C7C9789887}.Release|Any CPU.ActiveCfg = Release|Any CPU
		{165D3A29-5420-495D-9DFC-64C7C9789887}.Release|Any CPU.Build.0 = Release|Any CPU
		{5411A460-3253-4521-B30A-B358DEE744A3}.Debug|Any CPU.ActiveCfg = Debug|Any CPU
		{5411A460-3253-4521-B30A-B358DEE744A3}.Debug|Any CPU.Build.0 = Debug|Any CPU
		{5411A460-3253-4521-B30A-B358DEE744A3}.Release|Any CPU.ActiveCfg = Release|Any CPU
		{5411A460-3253-4521-B30A-B358DEE744A3}.Release|Any CPU.Build.0 = Release|Any CPU
		{63EAC327-BB3A-44F8-9C10-74E8EB2D7022}.Debug|Any CPU.ActiveCfg = Debug|Any CPU
		{63EAC327-BB3A-44F8-9C10-74E8EB2D7022}.Debug|Any CPU.Build.0 = Debug|Any CPU
		{63EAC327-BB3A-44F8-9C10-74E8EB2D7022}.Release|Any CPU.ActiveCfg = Release|Any CPU
		{63EAC327-BB3A-44F8-9C10-74E8EB2D7022}.Release|Any CPU.Build.0 = Release|Any CPU
	EndGlobalSection
	GlobalSection(SolutionProperties) = preSolution
		HideSolutionNode = FALSE
	EndGlobalSection
	GlobalSection(ExtensibilityGlobals) = postSolution
		SolutionGuid = {EC996065-AA6D-4680-B84E-958F4E91D155}
	EndGlobalSection
EndGlobal
